
Microsoft Visual Studio Solution File, Format Version 12.00
# Visual Studio 15
Project("{FAE04EC0-301F-11D3-BF4B-00C04F79EFBC}") = "Assembly-CSharp-Editor", "Assembly-CSharp-Editor.csproj", "{15365960-09C6-8160-5AF0-6770EC5454A0}"
EndProject
Project("{FAE04EC0-301F-11D3-BF4B-00C04F79EFBC}") = "Assembly-CSharp", "Assembly-CSharp.csproj", "{08F68459-1DE4-1879-1B30-465868B7499C}"
EndProject
Global
	GlobalSection(SolutionConfigurationPlatforms) = preSolution
		Debug|Any CPU = Debug|Any CPU
		Release|Any CPU = Release|Any CPU
	EndGlobalSection
	GlobalSection(ProjectConfigurationPlatforms) = postSolution
		{15365960-09C6-8160-5AF0-6770EC5454A0}.Debug|Any CPU.ActiveCfg = Debug|Any CPU
		{15365960-09C6-8160-5AF0-6770EC5454A0}.Debug|Any CPU.Build.0 = Debug|Any CPU
		{15365960-09C6-8160-5AF0-6770EC5454A0}.Release|Any CPU.ActiveCfg = Release|Any CPU
		{15365960-09C6-8160-5AF0-6770EC5454A0}.Release|Any CPU.Build.0 = Release|Any CPU
		{08F68459-1DE4-1879-1B30-465868B7499C}.Debug|Any CPU.ActiveCfg = Debug|Any CPU
		{08F68459-1DE4-1879-1B30-465868B7499C}.Debug|Any CPU.Build.0 = Debug|Any CPU
		{08F68459-1DE4-1879-1B30-465868B7499C}.Release|Any CPU.ActiveCfg = Release|Any CPU
		{08F68459-1DE4-1879-1B30-465868B7499C}.Release|Any CPU.Build.0 = Release|Any CPU
	EndGlobalSection
	GlobalSection(SolutionProperties) = preSolution
		HideSolutionNode = FALSE
	EndGlobalSection
EndGlobal
